
Microsoft Visual Studio Solution File, Format Version 12.00
# Visual Studio 14
VisualStudioVersion = 14.0.25420.1
MinimumVisualStudioVersion = 10.0.40219.1
Project("{FAE04EC0-301F-11D3-BF4B-00C04F79EFBC}") = "BinarySerialization", "BinarySerialization\BinarySerialization.csproj", "{4EEA2FBD-DB10-4932-A95E-1E433D366B8E}"
EndProject
Project("{FAE04EC0-301F-11D3-BF4B-00C04F79EFBC}") = "XMLSerialization", "XMLSerialization\XMLSerialization.csproj", "{A7D340B9-03EF-4871-8054-05EA7097597B}"
EndProject
Project("{FAE04EC0-301F-11D3-BF4B-00C04F79EFBC}") = "CustomSerialization", "CustomSerialization\CustomSerialization.csproj", "{E19EC518-E231-4D8B-BB3D-32B725E4B1D3}"
EndProject
Project("{FAE04EC0-301F-11D3-BF4B-00C04F79EFBC}") = "JSONSerialization", "JSONSerialization\JSONSerialization.csproj", "{DF2C5AB1-1FBA-4BD0-8CB8-A6F762B87A41}"
EndProject
Global
	GlobalSection(SolutionConfigurationPlatforms) = preSolution
		Debug|Any CPU = Debug|Any CPU
		Release|Any CPU = Release|Any CPU
	EndGlobalSection
	GlobalSection(ProjectConfigurationPlatforms) = postSolution
		{4EEA2FBD-DB10-4932-A95E-1E433D366B8E}.Debug|Any CPU.ActiveCfg = Debug|Any CPU
		{4EEA2FBD-DB10-4932-A95E-1E433D366B8E}.Debug|Any CPU.Build.0 = Debug|Any CPU
		{4EEA2FBD-DB10-4932-A95E-1E433D366B8E}.Release|Any CPU.ActiveCfg = Release|Any CPU
		{4EEA2FBD-DB10-4932-A95E-1E433D366B8E}.Release|Any CPU.Build.0 = Release|Any CPU
		{A7D340B9-03EF-4871-8054-05EA7097597B}.Debug|Any CPU.ActiveCfg = Debug|Any CPU
		{A7D340B9-03EF-4871-8054-05EA7097597B}.Debug|Any CPU.Build.0 = Debug|Any CPU
		{A7D340B9-03EF-4871-8054-05EA7097597B}.Release|Any CPU.ActiveCfg = Release|Any CPU
		{A7D340B9-03EF-4871-8054-05EA7097597B}.Release|Any CPU.Build.0 = Release|Any CPU
		{E19EC518-E231-4D8B-BB3D-32B725E4B1D3}.Debug|Any CPU.ActiveCfg = Debug|Any CPU
		{E19EC518-E231-4D8B-BB3D-32B725E4B1D3}.Debug|Any CPU.Build.0 = Debug|Any CPU
		{E19EC518-E231-4D8B-BB3D-32B725E4B1D3}.Release|Any CPU.ActiveCfg = Release|Any CPU
		{E19EC518-E231-4D8B-BB3D-32B725E4B1D3}.Release|Any CPU.Build.0 = Release|Any CPU
		{DF2C5AB1-1FBA-4BD0-8CB8-A6F762B87A41}.Debug|Any CPU.ActiveCfg = Debug|Any CPU
		{DF2C5AB1-1FBA-4BD0-8CB8-A6F762B87A41}.Debug|Any CPU.Build.0 = Debug|Any CPU
		{DF2C5AB1-1FBA-4BD0-8CB8-A6F762B87A41}.Release|Any CPU.ActiveCfg = Release|Any CPU
		{DF2C5AB1-1FBA-4BD0-8CB8-A6F762B87A41}.Release|Any CPU.Build.0 = Release|Any CPU
	EndGlobalSection
	GlobalSection(SolutionProperties) = preSolution
		HideSolutionNode = FALSE
	EndGlobalSection
EndGlobal
